
Microsoft Visual Studio Solution File, Format Version 12.00
# Visual Studio Version 17
VisualStudioVersion = 17.14.36310.24 d17.14
MinimumVisualStudioVersion = 10.0.40219.1
Project("{FAE04EC0-301F-11D3-BF4B-00C04F79EFBC}") = "ExampleCustomRecipes", "ExampleCustomRecipes.csproj", "{A3C116D1-BA04-4B79-AE26-CE3CADF08A2B}"
EndProject
Global
	GlobalSection(SolutionConfigurationPlatforms) = preSolution
		Debug|Any CPU = Debug|Any CPU
		Release|Any CPU = Release|Any CPU
	EndGlobalSection
	GlobalSection(ProjectConfigurationPlatforms) = postSolution
		{A3C116D1-BA04-4B79-AE26-CE3CADF08A2B}.Debug|Any CPU.ActiveCfg = Debug|Any CPU
		{A3C116D1-BA04-4B79-AE26-CE3CADF08A2B}.Debug|Any CPU.Build.0 = Debug|Any CPU
		{A3C116D1-BA04-4B79-AE26-CE3CADF08A2B}.Release|Any CPU.ActiveCfg = Release|Any CPU
		{A3C116D1-BA04-4B79-AE26-CE3CADF08A2B}.Release|Any CPU.Build.0 = Release|Any CPU
	EndGlobalSection
	GlobalSection(SolutionProperties) = preSolution
		HideSolutionNode = FALSE
	EndGlobalSection
	GlobalSection(ExtensibilityGlobals) = postSolution
		SolutionGuid = {CF05DFA2-CED4-4B95-933D-8DEF8A0F1769}
	EndGlobalSection
EndGlobal
